
Microsoft Visual Studio Solution File, Format Version 12.00
# Visual Studio Version 17
VisualStudioVersion = 17.11.35327.3
MinimumVisualStudioVersion = 10.0.40219.1
Project("{9A19103F-16F7-4668-BE54-9A1E7A4F7556}") = "TetrisTest", "TetrisTest\TetrisTest.csproj", "{65876DEB-9FAF-4A4A-9447-03B4EA7262F4}"
EndProject
Project("{9A19103F-16F7-4668-BE54-9A1E7A4F7556}") = "TetrisWeb", "TetrisWeb\TetrisWeb.csproj", "{89E18358-0955-49F1-A662-21606A60F2C6}"
EndProject
Global
	GlobalSection(SolutionConfigurationPlatforms) = preSolution
		Debug|Any CPU = Debug|Any CPU
		Release|Any CPU = Release|Any CPU
	EndGlobalSection
	GlobalSection(ProjectConfigurationPlatforms) = postSolution
		{65876DEB-9FAF-4A4A-9447-03B4EA7262F4}.Debug|Any CPU.ActiveCfg = Debug|Any CPU
		{65876DEB-9FAF-4A4A-9447-03B4EA7262F4}.Debug|Any CPU.Build.0 = Debug|Any CPU
		{65876DEB-9FAF-4A4A-9447-03B4EA7262F4}.Release|Any CPU.ActiveCfg = Release|Any CPU
		{65876DEB-9FAF-4A4A-9447-03B4EA7262F4}.Release|Any CPU.Build.0 = Release|Any CPU
		{89E18358-0955-49F1-A662-21606A60F2C6}.Debug|Any CPU.ActiveCfg = Debug|Any CPU
		{89E18358-0955-49F1-A662-21606A60F2C6}.Debug|Any CPU.Build.0 = Debug|Any CPU
		{89E18358-0955-49F1-A662-21606A60F2C6}.Release|Any CPU.ActiveCfg = Release|Any CPU
		{89E18358-0955-49F1-A662-21606A60F2C6}.Release|Any CPU.Build.0 = Release|Any CPU
	EndGlobalSection
	GlobalSection(SolutionProperties) = preSolution
		HideSolutionNode = FALSE
	EndGlobalSection
	GlobalSection(ExtensibilityGlobals) = postSolution
		SolutionGuid = {F0224801-477E-46D7-BDF3-F596977BE350}
	EndGlobalSection
EndGlobal
